
Microsoft Visual Studio Solution File, Format Version 12.00
# Visual Studio 2013
VisualStudioVersion = 12.0.21005.1
MinimumVisualStudioVersion = 10.0.40219.1
Project("{FAE04EC0-301F-11D3-BF4B-00C04F79EFBC}") = "Soheil", "Soheil\Soheil.csproj", "{54403744-119E-42A5-A19D-71BC2FC848B2}"
EndProject
Project("{FAE04EC0-301F-11D3-BF4B-00C04F79EFBC}") = "Soheil.Common", "Soheil.Common\Soheil.Common.csproj", "{75AD5F1E-719C-4B8A-B573-DFE6FC05E2C9}"
EndProject
Project("{FAE04EC0-301F-11D3-BF4B-00C04F79EFBC}") = "Soheil.Controls", "Soheil.Controls\Soheil.Controls.csproj", "{10F42FD7-ED4D-4EBD-BCC2-FF0AABAA4B56}"
EndProject
Project("{FAE04EC0-301F-11D3-BF4B-00C04F79EFBC}") = "Soheil.Core", "Soheil.Core\Soheil.Core.csproj", "{52709BB8-FDB0-472D-8419-7C0DDBD397B3}"
EndProject
Project("{FAE04EC0-301F-11D3-BF4B-00C04F79EFBC}") = "Soheil.Dal", "Soheil.Dal\Soheil.Dal.csproj", "{0B5B73D2-F69A-4836-B10F-DF957B60A0B6}"
EndProject
Project("{FAE04EC0-301F-11D3-BF4B-00C04F79EFBC}") = "Soheil.Model", "Soheil.Model\Soheil.Model.csproj", "{7E5A8E05-411B-4425-8746-C67A9B10F55A}"
EndProject
Project("{FAE04EC0-301F-11D3-BF4B-00C04F79EFBC}") = "Soheil.DbFix", "Soheil.DbFix\Soheil.DbFix.csproj", "{422C54B0-AE9B-4E42-B433-ABBFEDC890DD}"
EndProject
Global
	GlobalSection(SolutionConfigurationPlatforms) = preSolution
		Debug|Any CPU = Debug|Any CPU
		Debug|Mixed Platforms = Debug|Mixed Platforms
		Debug|x86 = Debug|x86
		Release|Any CPU = Release|Any CPU
		Release|Mixed Platforms = Release|Mixed Platforms
		Release|x86 = Release|x86
	EndGlobalSection
	GlobalSection(ProjectConfigurationPlatforms) = postSolution
		{54403744-119E-42A5-A19D-71BC2FC848B2}.Debug|Any CPU.ActiveCfg = Debug|x86
		{54403744-119E-42A5-A19D-71BC2FC848B2}.Debug|Mixed Platforms.ActiveCfg = Debug|x86
		{54403744-119E-42A5-A19D-71BC2FC848B2}.Debug|Mixed Platforms.Build.0 = Debug|x86
		{54403744-119E-42A5-A19D-71BC2FC848B2}.Debug|x86.ActiveCfg = Debug|x86
		{54403744-119E-42A5-A19D-71BC2FC848B2}.Debug|x86.Build.0 = Debug|x86
		{54403744-119E-42A5-A19D-71BC2FC848B2}.Release|Any CPU.ActiveCfg = Release|x86
		{54403744-119E-42A5-A19D-71BC2FC848B2}.Release|Mixed Platforms.ActiveCfg = Release|x86
		{54403744-119E-42A5-A19D-71BC2FC848B2}.Release|Mixed Platforms.Build.0 = Release|x86
		{54403744-119E-42A5-A19D-71BC2FC848B2}.Release|x86.ActiveCfg = Release|x86
		{54403744-119E-42A5-A19D-71BC2FC848B2}.Release|x86.Build.0 = Release|x86
		{75AD5F1E-719C-4B8A-B573-DFE6FC05E2C9}.Debug|Any CPU.ActiveCfg = Debug|Any CPU
		{75AD5F1E-719C-4B8A-B573-DFE6FC05E2C9}.Debug|Any CPU.Build.0 = Debug|Any CPU
		{75AD5F1E-719C-4B8A-B573-DFE6FC05E2C9}.Debug|Mixed Platforms.ActiveCfg = Debug|Any CPU
		{75AD5F1E-719C-4B8A-B573-DFE6FC05E2C9}.Debug|Mixed Platforms.Build.0 = Debug|Any CPU
		{75AD5F1E-719C-4B8A-B573-DFE6FC05E2C9}.Debug|x86.ActiveCfg = Debug|Any CPU
		{75AD5F1E-719C-4B8A-B573-DFE6FC05E2C9}.Release|Any CPU.ActiveCfg = Release|Any CPU
		{75AD5F1E-719C-4B8A-B573-DFE6FC05E2C9}.Release|Any CPU.Build.0 = Release|Any CPU
		{75AD5F1E-719C-4B8A-B573-DFE6FC05E2C9}.Release|Mixed Platforms.ActiveCfg = Release|Any CPU
		{75AD5F1E-719C-4B8A-B573-DFE6FC05E2C9}.Release|Mixed Platforms.Build.0 = Release|Any CPU
		{75AD5F1E-719C-4B8A-B573-DFE6FC05E2C9}.Release|x86.ActiveCfg = Release|Any CPU
		{10F42FD7-ED4D-4EBD-BCC2-FF0AABAA4B56}.Debug|Any CPU.ActiveCfg = Debug|Any CPU
		{10F42FD7-ED4D-4EBD-BCC2-FF0AABAA4B56}.Debug|Any CPU.Build.0 = Debug|Any CPU
		{10F42FD7-ED4D-4EBD-BCC2-FF0AABAA4B56}.Debug|Mixed Platforms.ActiveCfg = Debug|Any CPU
		{10F42FD7-ED4D-4EBD-BCC2-FF0AABAA4B56}.Debug|Mixed Platforms.Build.0 = Debug|Any CPU
		{10F42FD7-ED4D-4EBD-BCC2-FF0AABAA4B56}.Debug|x86.ActiveCfg = Debug|Any CPU
		{10F42FD7-ED4D-4EBD-BCC2-FF0AABAA4B56}.Release|Any CPU.ActiveCfg = Release|Any CPU
		{10F42FD7-ED4D-4EBD-BCC2-FF0AABAA4B56}.Release|Any CPU.Build.0 = Release|Any CPU
		{10F42FD7-ED4D-4EBD-BCC2-FF0AABAA4B56}.Release|Mixed Platforms.ActiveCfg = Release|Any CPU
		{10F42FD7-ED4D-4EBD-BCC2-FF0AABAA4B56}.Release|Mixed Platforms.Build.0 = Release|Any CPU
		{10F42FD7-ED4D-4EBD-BCC2-FF0AABAA4B56}.Release|x86.ActiveCfg = Release|Any CPU
		{52709BB8-FDB0-472D-8419-7C0DDBD397B3}.Debug|Any CPU.ActiveCfg = Debug|Any CPU
		{52709BB8-FDB0-472D-8419-7C0DDBD397B3}.Debug|Any CPU.Build.0 = Debug|Any CPU
		{52709BB8-FDB0-472D-8419-7C0DDBD397B3}.Debug|Mixed Platforms.ActiveCfg = Debug|Any CPU
		{52709BB8-FDB0-472D-8419-7C0DDBD397B3}.Debug|Mixed Platforms.Build.0 = Debug|Any CPU
		{52709BB8-FDB0-472D-8419-7C0DDBD397B3}.Debug|x86.ActiveCfg = Debug|Any CPU
		{52709BB8-FDB0-472D-8419-7C0DDBD397B3}.Release|Any CPU.ActiveCfg = Release|Any CPU
		{52709BB8-FDB0-472D-8419-7C0DDBD397B3}.Release|Any CPU.Build.0 = Release|Any CPU
		{52709BB8-FDB0-472D-8419-7C0DDBD397B3}.Release|Mixed Platforms.ActiveCfg = Release|Any CPU
		{52709BB8-FDB0-472D-8419-7C0DDBD397B3}.Release|Mixed Platforms.Build.0 = Release|Any CPU
		{52709BB8-FDB0-472D-8419-7C0DDBD397B3}.Release|x86.ActiveCfg = Release|Any CPU
		{0B5B73D2-F69A-4836-B10F-DF957B60A0B6}.Debug|Any CPU.ActiveCfg = Debug|Any CPU
		{0B5B73D2-F69A-4836-B10F-DF957B60A0B6}.Debug|Any CPU.Build.0 = Debug|Any CPU
		{0B5B73D2-F69A-4836-B10F-DF957B60A0B6}.Debug|Mixed Platforms.ActiveCfg = Debug|Any CPU
		{0B5B73D2-F69A-4836-B10F-DF957B60A0B6}.Debug|Mixed Platforms.Build.0 = Debug|Any CPU
		{0B5B73D2-F69A-4836-B10F-DF957B60A0B6}.Debug|x86.ActiveCfg = Debug|Any CPU
		{0B5B73D2-F69A-4836-B10F-DF957B60A0B6}.Release|Any CPU.ActiveCfg = Release|Any CPU
		{0B5B73D2-F69A-4836-B10F-DF957B60A0B6}.Release|Any CPU.Build.0 = Release|Any CPU
		{0B5B73D2-F69A-4836-B10F-DF957B60A0B6}.Release|Mixed Platforms.ActiveCfg = Release|Any CPU
		{0B5B73D2-F69A-4836-B10F-DF957B60A0B6}.Release|Mixed Platforms.Build.0 = Release|Any CPU
		{0B5B73D2-F69A-4836-B10F-DF957B60A0B6}.Release|x86.ActiveCfg = Release|Any CPU
		{7E5A8E05-411B-4425-8746-C67A9B10F55A}.Debug|Any CPU.ActiveCfg = Debug|Any CPU
		{7E5A8E05-411B-4425-8746-C67A9B10F55A}.Debug|Any CPU.Build.0 = Debug|Any CPU
		{7E5A8E05-411B-4425-8746-C67A9B10F55A}.Debug|Mixed Platforms.ActiveCfg = Debug|Any CPU
		{7E5A8E05-411B-4425-8746-C67A9B10F55A}.Debug|Mixed Platforms.Build.0 = Debug|Any CPU
		{7E5A8E05-411B-4425-8746-C67A9B10F55A}.Debug|x86.ActiveCfg = Debug|Any CPU
		{7E5A8E05-411B-4425-8746-C67A9B10F55A}.Release|Any CPU.ActiveCfg = Release|Any CPU
		{7E5A8E05-411B-4425-8746-C67A9B10F55A}.Release|Any CPU.Build.0 = Release|Any CPU
		{7E5A8E05-411B-4425-8746-C67A9B10F55A}.Release|Mixed Platforms.ActiveCfg = Release|Any CPU
		{7E5A8E05-411B-4425-8746-C67A9B10F55A}.Release|Mixed Platforms.Build.0 = Release|Any CPU
		{7E5A8E05-411B-4425-8746-C67A9B10F55A}.Release|x86.ActiveCfg = Release|Any CPU
		{422C54B0-AE9B-4E42-B433-ABBFEDC890DD}.Debug|Any CPU.ActiveCfg = Debug|Any CPU
		{422C54B0-AE9B-4E42-B433-ABBFEDC890DD}.Debug|Any CPU.Build.0 = Debug|Any CPU
		{422C54B0-AE9B-4E42-B433-ABBFEDC890DD}.Debug|Mixed Platforms.ActiveCfg = Debug|Any CPU
		{422C54B0-AE9B-4E42-B433-ABBFEDC890DD}.Debug|Mixed Platforms.Build.0 = Debug|Any CPU
		{422C54B0-AE9B-4E42-B433-ABBFEDC890DD}.Debug|x86.ActiveCfg = Debug|Any CPU
		{422C54B0-AE9B-4E42-B433-ABBFEDC890DD}.Release|Any CPU.ActiveCfg = Release|Any CPU
		{422C54B0-AE9B-4E42-B433-ABBFEDC890DD}.Release|Any CPU.Build.0 = Release|Any CPU
		{422C54B0-AE9B-4E42-B433-ABBFEDC890DD}.Release|Mixed Platforms.ActiveCfg = Release|Any CPU
		{422C54B0-AE9B-4E42-B433-ABBFEDC890DD}.Release|Mixed Platforms.Build.0 = Release|Any CPU
		{422C54B0-AE9B-4E42-B433-ABBFEDC890DD}.Release|x86.ActiveCfg = Release|Any CPU
	EndGlobalSection
	GlobalSection(SolutionProperties) = preSolution
		HideSolutionNode = FALSE
	EndGlobalSection
EndGlobal
